
Microsoft Visual Studio Solution File, Format Version 12.00
# Visual Studio Version 17
VisualStudioVersion = 17.5.33502.453
MinimumVisualStudioVersion = 10.0.40219.1
Project("{FAE04EC0-301F-11D3-BF4B-00C04F79EFBC}") = "Loteria_wf", "Loteria_wf\Loteria_wf.csproj", "{3C91F598-F2DA-48AE-A9A1-99C009F4E38E}"
EndProject
Global
	GlobalSection(SolutionConfigurationPlatforms) = preSolution
		Debug|Any CPU = Debug|Any CPU
		Release|Any CPU = Release|Any CPU
	EndGlobalSection
	GlobalSection(ProjectConfigurationPlatforms) = postSolution
		{3C91F598-F2DA-48AE-A9A1-99C009F4E38E}.Debug|Any CPU.ActiveCfg = Debug|Any CPU
		{3C91F598-F2DA-48AE-A9A1-99C009F4E38E}.Debug|Any CPU.Build.0 = Debug|Any CPU
		{3C91F598-F2DA-48AE-A9A1-99C009F4E38E}.Release|Any CPU.ActiveCfg = Release|Any CPU
		{3C91F598-F2DA-48AE-A9A1-99C009F4E38E}.Release|Any CPU.Build.0 = Release|Any CPU
	EndGlobalSection
	GlobalSection(SolutionProperties) = preSolution
		HideSolutionNode = FALSE
	EndGlobalSection
	GlobalSection(ExtensibilityGlobals) = postSolution
		SolutionGuid = {7581D08D-3C97-4A2D-9DA2-87EDEA2D6D0F}
	EndGlobalSection
EndGlobal
